
Microsoft Visual Studio Solution File, Format Version 12.00
# Visual Studio Version 17
VisualStudioVersion = 17.5.002.0
MinimumVisualStudioVersion = 10.0.40219.1
Project("{9A19103F-16F7-4668-BE54-9A1E7A4F7556}") = "mazeSplit", "mazeSplit.csproj", "{F802A97A-65A2-456E-AC38-60B114F1D361}"
EndProject
Global
	GlobalSection(SolutionConfigurationPlatforms) = preSolution
		Debug|Any CPU = Debug|Any CPU
		Release|Any CPU = Release|Any CPU
	EndGlobalSection
	GlobalSection(ProjectConfigurationPlatforms) = postSolution
		{F802A97A-65A2-456E-AC38-60B114F1D361}.Debug|Any CPU.ActiveCfg = Debug|Any CPU
		{F802A97A-65A2-456E-AC38-60B114F1D361}.Debug|Any CPU.Build.0 = Debug|Any CPU
		{F802A97A-65A2-456E-AC38-60B114F1D361}.Release|Any CPU.ActiveCfg = Release|Any CPU
		{F802A97A-65A2-456E-AC38-60B114F1D361}.Release|Any CPU.Build.0 = Release|Any CPU
	EndGlobalSection
	GlobalSection(SolutionProperties) = preSolution
		HideSolutionNode = FALSE
	EndGlobalSection
	GlobalSection(ExtensibilityGlobals) = postSolution
		SolutionGuid = {BA3FE95C-D196-46AA-B00C-385F16B9639B}
	EndGlobalSection
EndGlobal
